// !$*UTF8*$!
{
	archiveVersion = 1;
	classes = {
	};
	objectVersion = 55;
	objects = {

/* Begin PBXBuildFile section */
		CD0AF5D328C21D4A00C598C8 /* AppDelegate.swift in Sources */ = {isa = PBXBuildFile; fileRef = CD0AF5D228C21D4A00C598C8 /* AppDelegate.swift */; };
		CD0AF5D528C21D4A00C598C8 /* SceneDelegate.swift in Sources */ = {isa = PBXBuildFile; fileRef = CD0AF5D428C21D4A00C598C8 /* SceneDelegate.swift */; };
		CD0AF5D728C21D4A00C598C8 /* AdViewController.swift in Sources */ = {isa = PBXBuildFile; fileRef = CD0AF5D628C21D4A00C598C8 /* AdViewController.swift */; };
		CD0AF5DA28C21D4A00C598C8 /* Main.storyboard in Resources */ = {isa = PBXBuildFile; fileRef = CD0AF5D828C21D4A00C598C8 /* Main.storyboard */; };
		CD0AF5DC28C21D4C00C598C8 /* Assets.xcassets in Resources */ = {isa = PBXBuildFile; fileRef = CD0AF5DB28C21D4C00C598C8 /* Assets.xcassets */; };
		CD0AF5DF28C21D4C00C598C8 /* LaunchScreen.storyboard in Resources */ = {isa = PBXBuildFile; fileRef = CD0AF5DD28C21D4C00C598C8 /* LaunchScreen.storyboard */; };
		CD0AF5EA28C21D4C00C598C8 /* SampleProjectModularityTests.swift in Sources */ = {isa = PBXBuildFile; fileRef = CD0AF5E928C21D4C00C598C8 /* SampleProjectModularityTests.swift */; };
		CD0AF5F428C21D4C00C598C8 /* SampleProjectModularityUITests.swift in Sources */ = {isa = PBXBuildFile; fileRef = CD0AF5F328C21D4C00C598C8 /* SampleProjectModularityUITests.swift */; };
		CD0AF5F628C21D4C00C598C8 /* SampleProjectModularityUITestsLaunchTests.swift in Sources */ = {isa = PBXBuildFile; fileRef = CD0AF5F528C21D4C00C598C8 /* SampleProjectModularityUITestsLaunchTests.swift */; };
		CD0AF60328C21D7500C598C8 /* Models.swift in Sources */ = {isa = PBXBuildFile; fileRef = CD0AF60228C21D7500C598C8 /* Models.swift */; };
		CD0AF60828C3C5F200C598C8 /* AdTableViewCell.swift in Sources */ = {isa = PBXBuildFile; fileRef = CD0AF60728C3C5F200C598C8 /* AdTableViewCell.swift */; };
		CD0AF60A28C3C64E00C598C8 /* AdViewModel.swift in Sources */ = {isa = PBXBuildFile; fileRef = CD0AF60928C3C64E00C598C8 /* AdViewModel.swift */; };
		CD0AF60C28C3C6B300C598C8 /* SellerViewController.swift in Sources */ = {isa = PBXBuildFile; fileRef = CD0AF60B28C3C6B300C598C8 /* SellerViewController.swift */; };
		CD0AF60E28C3C6EB00C598C8 /* AdSellersDelegate.swift in Sources */ = {isa = PBXBuildFile; fileRef = CD0AF60D28C3C6EB00C598C8 /* AdSellersDelegate.swift */; };
		CDCF0F6129AB7A0000876706 /* Kingfisher in Frameworks */ = {isa = PBXBuildFile; productRef = CDCF0F6029AB7A0000876706 /* Kingfisher */; };
		CDCF0F6429ABA5B900876706 /* ComposableArchitecture in Frameworks */ = {isa = PBXBuildFile; productRef = CDCF0F6329ABA5B900876706 /* ComposableArchitecture */; };
		CDCF0F6629ABA6C300876706 /* SearchParametersModel.swift in Sources */ = {isa = PBXBuildFile; fileRef = CDCF0F6529ABA6C300876706 /* SearchParametersModel.swift */; };
		CDCF0F6929ABAA1A00876706 /* AdFeature.swift in Sources */ = {isa = PBXBuildFile; fileRef = CDCF0F6829ABAA1A00876706 /* AdFeature.swift */; };
		CDCF0F7529AC115900876706 /* FilterViewController.swift in Sources */ = {isa = PBXBuildFile; fileRef = CDCF0F7429AC115900876706 /* FilterViewController.swift */; };
/* End PBXBuildFile section */

/* Begin PBXContainerItemProxy section */
		CD0AF5E628C21D4C00C598C8 /* PBXContainerItemProxy */ = {
			isa = PBXContainerItemProxy;
			containerPortal = CD0AF5C728C21D4A00C598C8 /* Project object */;
			proxyType = 1;
			remoteGlobalIDString = CD0AF5CE28C21D4A00C598C8;
			remoteInfo = SampleProjectModularity;
		};
		CD0AF5F028C21D4C00C598C8 /* PBXContainerItemProxy */ = {
			isa = PBXContainerItemProxy;
			containerPortal = CD0AF5C728C21D4A00C598C8 /* Project object */;
			proxyType = 1;
			remoteGlobalIDString = CD0AF5CE28C21D4A00C598C8;
			remoteInfo = SampleProjectModularity;
		};
/* End PBXContainerItemProxy section */

/* Begin PBXFileReference section */
		CD0AF5CF28C21D4A00C598C8 /* SampleProjectModularity.app */ = {isa = PBXFileReference; explicitFileType = wrapper.application; includeInIndex = 0; path = SampleProjectModularity.app; sourceTree = BUILT_PRODUCTS_DIR; };
		CD0AF5D228C21D4A00C598C8 /* AppDelegate.swift */ = {isa = PBXFileReference; lastKnownFileType = sourcecode.swift; path = AppDelegate.swift; sourceTree = "<group>"; };
		CD0AF5D428C21D4A00C598C8 /* SceneDelegate.swift */ = {isa = PBXFileReference; lastKnownFileType = sourcecode.swift; path = SceneDelegate.swift; sourceTree = "<group>"; };
		CD0AF5D628C21D4A00C598C8 /* AdViewController.swift */ = {isa = PBXFileReference; lastKnownFileType = sourcecode.swift; path = AdViewController.swift; sourceTree = "<group>"; };
		CD0AF5D928C21D4A00C598C8 /* Base */ = {isa = PBXFileReference; lastKnownFileType = file.storyboard; name = Base; path = Base.lproj/Main.storyboard; sourceTree = "<group>"; };
		CD0AF5DB28C21D4C00C598C8 /* Assets.xcassets */ = {isa = PBXFileReference; lastKnownFileType = folder.assetcatalog; path = Assets.xcassets; sourceTree = "<group>"; };
		CD0AF5DE28C21D4C00C598C8 /* Base */ = {isa = PBXFileReference; lastKnownFileType = file.storyboard; name = Base; path = Base.lproj/LaunchScreen.storyboard; sourceTree = "<group>"; };
		CD0AF5E028C21D4C00C598C8 /* Info.plist */ = {isa = PBXFileReference; lastKnownFileType = text.plist.xml; path = Info.plist; sourceTree = "<group>"; };
		CD0AF5E528C21D4C00C598C8 /* SampleProjectModularityTests.xctest */ = {isa = PBXFileReference; explicitFileType = wrapper.cfbundle; includeInIndex = 0; path = SampleProjectModularityTests.xctest; sourceTree = BUILT_PRODUCTS_DIR; };
		CD0AF5E928C21D4C00C598C8 /* SampleProjectModularityTests.swift */ = {isa = PBXFileReference; lastKnownFileType = sourcecode.swift; path = SampleProjectModularityTests.swift; sourceTree = "<group>"; };
		CD0AF5EF28C21D4C00C598C8 /* SampleProjectModularityUITests.xctest */ = {isa = PBXFileReference; explicitFileType = wrapper.cfbundle; includeInIndex = 0; path = SampleProjectModularityUITests.xctest; sourceTree = BUILT_PRODUCTS_DIR; };
		CD0AF5F328C21D4C00C598C8 /* SampleProjectModularityUITests.swift */ = {isa = PBXFileReference; lastKnownFileType = sourcecode.swift; path = SampleProjectModularityUITests.swift; sourceTree = "<group>"; };
		CD0AF5F528C21D4C00C598C8 /* SampleProjectModularityUITestsLaunchTests.swift */ = {isa = PBXFileReference; lastKnownFileType = sourcecode.swift; path = SampleProjectModularityUITestsLaunchTests.swift; sourceTree = "<group>"; };
		CD0AF60228C21D7500C598C8 /* Models.swift */ = {isa = PBXFileReference; lastKnownFileType = sourcecode.swift; path = Models.swift; sourceTree = "<group>"; };
		CD0AF60728C3C5F200C598C8 /* AdTableViewCell.swift */ = {isa = PBXFileReference; lastKnownFileType = sourcecode.swift; path = AdTableViewCell.swift; sourceTree = "<group>"; };
		CD0AF60928C3C64E00C598C8 /* AdViewModel.swift */ = {isa = PBXFileReference; lastKnownFileType = sourcecode.swift; path = AdViewModel.swift; sourceTree = "<group>"; };
		CD0AF60B28C3C6B300C598C8 /* SellerViewController.swift */ = {isa = PBXFileReference; lastKnownFileType = sourcecode.swift; path = SellerViewController.swift; sourceTree = "<group>"; };
		CD0AF60D28C3C6EB00C598C8 /* AdSellersDelegate.swift */ = {isa = PBXFileReference; lastKnownFileType = sourcecode.swift; path = AdSellersDelegate.swift; sourceTree = "<group>"; };
		CDCF0F6529ABA6C300876706 /* SearchParametersModel.swift */ = {isa = PBXFileReference; lastKnownFileType = sourcecode.swift; path = SearchParametersModel.swift; sourceTree = "<group>"; };
		CDCF0F6829ABAA1A00876706 /* AdFeature.swift */ = {isa = PBXFileReference; lastKnownFileType = sourcecode.swift; path = AdFeature.swift; sourceTree = "<group>"; };
		CDCF0F7429AC115900876706 /* FilterViewController.swift */ = {isa = PBXFileReference; lastKnownFileType = sourcecode.swift; path = FilterViewController.swift; sourceTree = "<group>"; };
/* End PBXFileReference section */

/* Begin PBXFrameworksBuildPhase section */
		CD0AF5CC28C21D4A00C598C8 /* Frameworks */ = {
			isa = PBXFrameworksBuildPhase;
			buildActionMask = 2147483647;
			files = (
				CDCF0F6429ABA5B900876706 /* ComposableArchitecture in Frameworks */,
				CDCF0F6129AB7A0000876706 /* Kingfisher in Frameworks */,
			);
			runOnlyForDeploymentPostprocessing = 0;
		};
		CD0AF5E228C21D4C00C598C8 /* Frameworks */ = {
			isa = PBXFrameworksBuildPhase;
			buildActionMask = 2147483647;
			files = (
			);
			runOnlyForDeploymentPostprocessing = 0;
		};
		CD0AF5EC28C21D4C00C598C8 /* Frameworks */ = {
			isa = PBXFrameworksBuildPhase;
			buildActionMask = 2147483647;
			files = (
			);
			runOnlyForDeploymentPostprocessing = 0;
		};
/* End PBXFrameworksBuildPhase section */

/* Begin PBXGroup section */
		CD0AF5C628C21D4A00C598C8 = {
			isa = PBXGroup;
			children = (
				CD0AF5D128C21D4A00C598C8 /* SampleProjectModularity */,
				CD0AF5E828C21D4C00C598C8 /* SampleProjectModularityTests */,
				CD0AF5F228C21D4C00C598C8 /* SampleProjectModularityUITests */,
				CD0AF5D028C21D4A00C598C8 /* Products */,
				CDCF0F6229ABA5B900876706 /* Frameworks */,
			);
			sourceTree = "<group>";
		};
		CD0AF5D028C21D4A00C598C8 /* Products */ = {
			isa = PBXGroup;
			children = (
				CD0AF5CF28C21D4A00C598C8 /* SampleProjectModularity.app */,
				CD0AF5E528C21D4C00C598C8 /* SampleProjectModularityTests.xctest */,
				CD0AF5EF28C21D4C00C598C8 /* SampleProjectModularityUITests.xctest */,
			);
			name = Products;
			sourceTree = "<group>";
		};
		CD0AF5D128C21D4A00C598C8 /* SampleProjectModularity */ = {
			isa = PBXGroup;
			children = (
				CDCF0F6E29AC0DC800876706 /* Delegates */,
				CDCF0F6D29AC0D8800876706 /* Views */,
				CDCF0F6C29AC0D5400876706 /* Models */,
				CDCF0F6729ABAA0C00876706 /* Store */,
				CD0AF5D228C21D4A00C598C8 /* AppDelegate.swift */,
				CD0AF5D428C21D4A00C598C8 /* SceneDelegate.swift */,
				CD0AF5D828C21D4A00C598C8 /* Main.storyboard */,
				CD0AF5DB28C21D4C00C598C8 /* Assets.xcassets */,
				CD0AF5DD28C21D4C00C598C8 /* LaunchScreen.storyboard */,
				CD0AF5E028C21D4C00C598C8 /* Info.plist */,
			);
			path = SampleProjectModularity;
			sourceTree = "<group>";
		};
		CD0AF5E828C21D4C00C598C8 /* SampleProjectModularityTests */ = {
			isa = PBXGroup;
			children = (
				CD0AF5E928C21D4C00C598C8 /* SampleProjectModularityTests.swift */,
			);
			path = SampleProjectModularityTests;
			sourceTree = "<group>";
		};
		CD0AF5F228C21D4C00C598C8 /* SampleProjectModularityUITests */ = {
			isa = PBXGroup;
			children = (
				CD0AF5F328C21D4C00C598C8 /* SampleProjectModularityUITests.swift */,
				CD0AF5F528C21D4C00C598C8 /* SampleProjectModularityUITestsLaunchTests.swift */,
			);
			path = SampleProjectModularityUITests;
			sourceTree = "<group>";
		};
		CDCF0F6229ABA5B900876706 /* Frameworks */ = {
			isa = PBXGroup;
			children = (
			);
			name = Frameworks;
			sourceTree = "<group>";
		};
		CDCF0F6729ABAA0C00876706 /* Store */ = {
			isa = PBXGroup;
			children = (
				CDCF0F6829ABAA1A00876706 /* AdFeature.swift */,
			);
			path = Store;
			sourceTree = "<group>";
		};
		CDCF0F6C29AC0D5400876706 /* Models */ = {
			isa = PBXGroup;
			children = (
				CDCF0F6529ABA6C300876706 /* SearchParametersModel.swift */,
				CD0AF60928C3C64E00C598C8 /* AdViewModel.swift */,
				CD0AF60228C21D7500C598C8 /* Models.swift */,
			);
			path = Models;
			sourceTree = "<group>";
		};
		CDCF0F6D29AC0D8800876706 /* Views */ = {
			isa = PBXGroup;
			children = (
				CD0AF5D628C21D4A00C598C8 /* AdViewController.swift */,
				CD0AF60728C3C5F200C598C8 /* AdTableViewCell.swift */,
				CD0AF60B28C3C6B300C598C8 /* SellerViewController.swift */,
				CDCF0F7429AC115900876706 /* FilterViewController.swift */,
			);
			path = Views;
			sourceTree = "<group>";
		};
		CDCF0F6E29AC0DC800876706 /* Delegates */ = {
			isa = PBXGroup;
			children = (
				CD0AF60D28C3C6EB00C598C8 /* AdSellersDelegate.swift */,
			);
			path = Delegates;
			sourceTree = "<group>";
		};
/* End PBXGroup section */

/* Begin PBXNativeTarget section */
		CD0AF5CE28C21D4A00C598C8 /* SampleProjectModularity */ = {
			isa = PBXNativeTarget;
			buildConfigurationList = CD0AF5F928C21D4C00C598C8 /* Build configuration list for PBXNativeTarget "SampleProjectModularity" */;
			buildPhases = (
				CD0AF5CB28C21D4A00C598C8 /* Sources */,
				CD0AF5CC28C21D4A00C598C8 /* Frameworks */,
				CD0AF5CD28C21D4A00C598C8 /* Resources */,
			);
			buildRules = (
			);
			dependencies = (
			);
			name = SampleProjectModularity;
			packageProductDependencies = (
				CDCF0F6029AB7A0000876706 /* Kingfisher */,
				CDCF0F6329ABA5B900876706 /* ComposableArchitecture */,
			);
			productName = SampleProjectModularity;
			productReference = CD0AF5CF28C21D4A00C598C8 /* SampleProjectModularity.app */;
			productType = "com.apple.product-type.application";
		};
		CD0AF5E428C21D4C00C598C8 /* SampleProjectModularityTests */ = {
			isa = PBXNativeTarget;
			buildConfigurationList = CD0AF5FC28C21D4C00C598C8 /* Build configuration list for PBXNativeTarget "SampleProjectModularityTests" */;
			buildPhases = (
				CD0AF5E128C21D4C00C598C8 /* Sources */,
				CD0AF5E228C21D4C00C598C8 /* Frameworks */,
				CD0AF5E328C21D4C00C598C8 /* Resources */,
			);
			buildRules = (
			);
			dependencies = (
				CD0AF5E728C21D4C00C598C8 /* PBXTargetDependency */,
			);
			name = SampleProjectModularityTests;
			productName = SampleProjectModularityTests;
			productReference = CD0AF5E528C21D4C00C598C8 /* SampleProjectModularityTests.xctest */;
			productType = "com.apple.product-type.bundle.unit-test";
		};
		CD0AF5EE28C21D4C00C598C8 /* SampleProjectModularityUITests */ = {
			isa = PBXNativeTarget;
			buildConfigurationList = CD0AF5FF28C21D4C00C598C8 /* Build configuration list for PBXNativeTarget "SampleProjectModularityUITests" */;
			buildPhases = (
				CD0AF5EB28C21D4C00C598C8 /* Sources */,
				CD0AF5EC28C21D4C00C598C8 /* Frameworks */,
				CD0AF5ED28C21D4C00C598C8 /* Resources */,
			);
			buildRules = (
			);
			dependencies = (
				CD0AF5F128C21D4C00C598C8 /* PBXTargetDependency */,
			);
			name = SampleProjectModularityUITests;
			productName = SampleProjectModularityUITests;
			productReference = CD0AF5EF28C21D4C00C598C8 /* SampleProjectModularityUITests.xctest */;
			productType = "com.apple.product-type.bundle.ui-testing";
		};
/* End PBXNativeTarget section */

/* Begin PBXProject section */
		CD0AF5C728C21D4A00C598C8 /* Project object */ = {
			isa = PBXProject;
			attributes = {
				BuildIndependentTargetsInParallel = 1;
				LastSwiftUpdateCheck = 1340;
				LastUpgradeCheck = 1340;
				TargetAttributes = {
					CD0AF5CE28C21D4A00C598C8 = {
						CreatedOnToolsVersion = 13.4.1;
					};
					CD0AF5E428C21D4C00C598C8 = {
						CreatedOnToolsVersion = 13.4.1;
						TestTargetID = CD0AF5CE28C21D4A00C598C8;
					};
					CD0AF5EE28C21D4C00C598C8 = {
						CreatedOnToolsVersion = 13.4.1;
						TestTargetID = CD0AF5CE28C21D4A00C598C8;
					};
				};
			};
			buildConfigurationList = CD0AF5CA28C21D4A00C598C8 /* Build configuration list for PBXProject "SampleProjectModularity" */;
			compatibilityVersion = "Xcode 13.0";
			developmentRegion = en;
			hasScannedForEncodings = 0;
			knownRegions = (
				en,
				Base,
			);
			mainGroup = CD0AF5C628C21D4A00C598C8;
			packageReferences = (
				CDCF0F5E29AB774300876706 /* XCRemoteSwiftPackageReference "swift-composable-architecture" */,
				CDCF0F5F29AB7A0000876706 /* XCRemoteSwiftPackageReference "Kingfisher" */,
			);
			productRefGroup = CD0AF5D028C21D4A00C598C8 /* Products */;
			projectDirPath = "";
			projectRoot = "";
			targets = (
				CD0AF5CE28C21D4A00C598C8 /* SampleProjectModularity */,
				CD0AF5E428C21D4C00C598C8 /* SampleProjectModularityTests */,
				CD0AF5EE28C21D4C00C598C8 /* SampleProjectModularityUITests */,
			);
		};
/* End PBXProject section */

/* Begin PBXResourcesBuildPhase section */
		CD0AF5CD28C21D4A00C598C8 /* Resources */ = {
			isa = PBXResourcesBuildPhase;
			buildActionMask = 2147483647;
			files = (
				CD0AF5DF28C21D4C00C598C8 /* LaunchScreen.storyboard in Resources */,
				CD0AF5DC28C21D4C00C598C8 /* Assets.xcassets in Resources */,
				CD0AF5DA28C21D4A00C598C8 /* Main.storyboard in Resources */,
			);
			runOnlyForDeploymentPostprocessing = 0;
		};
		CD0AF5E328C21D4C00C598C8 /* Resources */ = {
			isa = PBXResourcesBuildPhase;
			buildActionMask = 2147483647;
			files = (
			);
			runOnlyForDeploymentPostprocessing = 0;
		};
		CD0AF5ED28C21D4C00C598C8 /* Resources */ = {
			isa = PBXResourcesBuildPhase;
			buildActionMask = 2147483647;
			files = (
			);
			runOnlyForDeploymentPostprocessing = 0;
		};
/* End PBXResourcesBuildPhase section */

/* Begin PBXSourcesBuildPhase section */
		CD0AF5CB28C21D4A00C598C8 /* Sources */ = {
			isa = PBXSourcesBuildPhase;
			buildActionMask = 2147483647;
			files = (
				CD0AF5D728C21D4A00C598C8 /* AdViewController.swift in Sources */,
				CDCF0F6929ABAA1A00876706 /* AdFeature.swift in Sources */,
				CD0AF5D328C21D4A00C598C8 /* AppDelegate.swift in Sources */,
				CD0AF60328C21D7500C598C8 /* Models.swift in Sources */,
				CD0AF60A28C3C64E00C598C8 /* AdViewModel.swift in Sources */,
				CDCF0F7529AC115900876706 /* FilterViewController.swift in Sources */,
				CD0AF5D528C21D4A00C598C8 /* SceneDelegate.swift in Sources */,
				CD0AF60E28C3C6EB00C598C8 /* AdSellersDelegate.swift in Sources */,
				CD0AF60828C3C5F200C598C8 /* AdTableViewCell.swift in Sources */,
				CDCF0F6629ABA6C300876706 /* SearchParametersModel.swift in Sources */,
				CD0AF60C28C3C6B300C598C8 /* SellerViewController.swift in Sources */,
			);
			runOnlyForDeploymentPostprocessing = 0;
		};
		CD0AF5E128C21D4C00C598C8 /* Sources */ = {
			isa = PBXSourcesBuildPhase;
			buildActionMask = 2147483647;
			files = (
				CD0AF5EA28C21D4C00C598C8 /* SampleProjectModularityTests.swift in Sources */,
			);
			runOnlyForDeploymentPostprocessing = 0;
		};
		CD0AF5EB28C21D4C00C598C8 /* Sources */ = {
			isa = PBXSourcesBuildPhase;
			buildActionMask = 2147483647;
			files = (
				CD0AF5F628C21D4C00C598C8 /* SampleProjectModularityUITestsLaunchTests.swift in Sources */,
				CD0AF5F428C21D4C00C598C8 /* SampleProjectModularityUITests.swift in Sources */,
			);
			runOnlyForDeploymentPostprocessing = 0;
		};
/* End PBXSourcesBuildPhase section */

/* Begin PBXTargetDependency section */
		CD0AF5E728C21D4C00C598C8 /* PBXTargetDependency */ = {
			isa = PBXTargetDependency;
			target = CD0AF5CE28C21D4A00C598C8 /* SampleProjectModularity */;
			targetProxy = CD0AF5E628C21D4C00C598C8 /* PBXContainerItemProxy */;
		};
		CD0AF5F128C21D4C00C598C8 /* PBXTargetDependency */ = {
			isa = PBXTargetDependency;
			target = CD0AF5CE28C21D4A00C598C8 /* SampleProjectModularity */;
			targetProxy = CD0AF5F028C21D4C00C598C8 /* PBXContainerItemProxy */;
		};
/* End PBXTargetDependency section */

/* Begin PBXVariantGroup section */
		CD0AF5D828C21D4A00C598C8 /* Main.storyboard */ = {
			isa = PBXVariantGroup;
			children = (
				CD0AF5D928C21D4A00C598C8 /* Base */,
			);
			name = Main.storyboard;
			sourceTree = "<group>";
		};
		CD0AF5DD28C21D4C00C598C8 /* LaunchScreen.storyboard */ = {
			isa = PBXVariantGroup;
			children = (
				CD0AF5DE28C21D4C00C598C8 /* Base */,
			);
			name = LaunchScreen.storyboard;
			sourceTree = "<group>";
		};
/* End PBXVariantGroup section */

/* Begin XCBuildConfiguration section */
		CD0AF5F728C21D4C00C598C8 /* Debug */ = {
			isa = XCBuildConfiguration;
			buildSettings = {
				ALWAYS_SEARCH_USER_PATHS = NO;
				CLANG_ANALYZER_NONNULL = YES;
				CLANG_ANALYZER_NUMBER_OBJECT_CONVERSION = YES_AGGRESSIVE;
				CLANG_CXX_LANGUAGE_STANDARD = "gnu++17";
				CLANG_ENABLE_MODULES = YES;
				CLANG_ENABLE_OBJC_ARC = YES;
				CLANG_ENABLE_OBJC_WEAK = YES;
				CLANG_WARN_BLOCK_CAPTURE_AUTORELEASING = YES;
				CLANG_WARN_BOOL_CONVERSION = YES;
				CLANG_WARN_COMMA = YES;
				CLANG_WARN_CONSTANT_CONVERSION = YES;
				CLANG_WARN_DEPRECATED_OBJC_IMPLEMENTATIONS = YES;
				CLANG_WARN_DIRECT_OBJC_ISA_USAGE = YES_ERROR;
				CLANG_WARN_DOCUMENTATION_COMMENTS = YES;
				CLANG_WARN_EMPTY_BODY = YES;
				CLANG_WARN_ENUM_CONVERSION = YES;
				CLANG_WARN_INFINITE_RECURSION = YES;
				CLANG_WARN_INT_CONVERSION = YES;
				CLANG_WARN_NON_LITERAL_NULL_CONVERSION = YES;
				CLANG_WARN_OBJC_IMPLICIT_RETAIN_SELF = YES;
				CLANG_WARN_OBJC_LITERAL_CONVERSION = YES;
				CLANG_WARN_OBJC_ROOT_CLASS = YES_ERROR;
				CLANG_WARN_QUOTED_INCLUDE_IN_FRAMEWORK_HEADER = YES;
				CLANG_WARN_RANGE_LOOP_ANALYSIS = YES;
				CLANG_WARN_STRICT_PROTOTYPES = YES;
				CLANG_WARN_SUSPICIOUS_MOVE = YES;
				CLANG_WARN_UNGUARDED_AVAILABILITY = YES_AGGRESSIVE;
				CLANG_WARN_UNREACHABLE_CODE = YES;
				CLANG_WARN__DUPLICATE_METHOD_MATCH = YES;
				COPY_PHASE_STRIP = NO;
				DEBUG_INFORMATION_FORMAT = dwarf;
				ENABLE_STRICT_OBJC_MSGSEND = YES;
				ENABLE_TESTABILITY = YES;
				GCC_C_LANGUAGE_STANDARD = gnu11;
				GCC_DYNAMIC_NO_PIC = NO;
				GCC_NO_COMMON_BLOCKS = YES;
				GCC_OPTIMIZATION_LEVEL = 0;
				GCC_PREPROCESSOR_DEFINITIONS = (
					"DEBUG=1",
					"$(inherited)",
				);
				GCC_WARN_64_TO_32_BIT_CONVERSION = YES;
				GCC_WARN_ABOUT_RETURN_TYPE = YES_ERROR;
				GCC_WARN_UNDECLARED_SELECTOR = YES;
				GCC_WARN_UNINITIALIZED_AUTOS = YES_AGGRESSIVE;
				GCC_WARN_UNUSED_FUNCTION = YES;
				GCC_WARN_UNUSED_VARIABLE = YES;
				IPHONEOS_DEPLOYMENT_TARGET = 15.5;
				MTL_ENABLE_DEBUG_INFO = INCLUDE_SOURCE;
				MTL_FAST_MATH = YES;
				ONLY_ACTIVE_ARCH = YES;
				SDKROOT = iphoneos;
				SWIFT_ACTIVE_COMPILATION_CONDITIONS = DEBUG;
				SWIFT_OPTIMIZATION_LEVEL = "-Onone";
			};
			name = Debug;
		};
		CD0AF5F828C21D4C00C598C8 /* Release */ = {
			isa = XCBuildConfiguration;
			buildSettings = {
				ALWAYS_SEARCH_USER_PATHS = NO;
				CLANG_ANALYZER_NONNULL = YES;
				CLANG_ANALYZER_NUMBER_OBJECT_CONVERSION = YES_AGGRESSIVE;
				CLANG_CXX_LANGUAGE_STANDARD = "gnu++17";
				CLANG_ENABLE_MODULES = YES;
				CLANG_ENABLE_OBJC_ARC = YES;
				CLANG_ENABLE_OBJC_WEAK = YES;
				CLANG_WARN_BLOCK_CAPTURE_AUTORELEASING = YES;
				CLANG_WARN_BOOL_CONVERSION = YES;
				CLANG_WARN_COMMA = YES;
				CLANG_WARN_CONSTANT_CONVERSION = YES;
				CLANG_WARN_DEPRECATED_OBJC_IMPLEMENTATIONS = YES;
				CLANG_WARN_DIRECT_OBJC_ISA_USAGE = YES_ERROR;
				CLANG_WARN_DOCUMENTATION_COMMENTS = YES;
				CLANG_WARN_EMPTY_BODY = YES;
				CLANG_WARN_ENUM_CONVERSION = YES;
				CLANG_WARN_INFINITE_RECURSION = YES;
				CLANG_WARN_INT_CONVERSION = YES;
				CLANG_WARN_NON_LITERAL_NULL_CONVERSION = YES;
				CLANG_WARN_OBJC_IMPLICIT_RETAIN_SELF = YES;
				CLANG_WARN_OBJC_LITERAL_CONVERSION = YES;
				CLANG_WARN_OBJC_ROOT_CLASS = YES_ERROR;
				CLANG_WARN_QUOTED_INCLUDE_IN_FRAMEWORK_HEADER = YES;
				CLANG_WARN_RANGE_LOOP_ANALYSIS = YES;
				CLANG_WARN_STRICT_PROTOTYPES = YES;
				CLANG_WARN_SUSPICIOUS_MOVE = YES;
				CLANG_WARN_UNGUARDED_AVAILABILITY = YES_AGGRESSIVE;
				CLANG_WARN_UNREACHABLE_CODE = YES;
				CLANG_WARN__DUPLICATE_METHOD_MATCH = YES;
				COPY_PHASE_STRIP = NO;
				DEBUG_INFORMATION_FORMAT = "dwarf-with-dsym";
				ENABLE_NS_ASSERTIONS = NO;
				ENABLE_STRICT_OBJC_MSGSEND = YES;
				GCC_C_LANGUAGE_STANDARD = gnu11;
				GCC_NO_COMMON_BLOCKS = YES;
				GCC_WARN_64_TO_32_BIT_CONVERSION = YES;
				GCC_WARN_ABOUT_RETURN_TYPE = YES_ERROR;
				GCC_WARN_UNDECLARED_SELECTOR = YES;
				GCC_WARN_UNINITIALIZED_AUTOS = YES_AGGRESSIVE;
				GCC_WARN_UNUSED_FUNCTION = YES;
				GCC_WARN_UNUSED_VARIABLE = YES;
				IPHONEOS_DEPLOYMENT_TARGET = 15.5;
				MTL_ENABLE_DEBUG_INFO = NO;
				MTL_FAST_MATH = YES;
				SDKROOT = iphoneos;
				SWIFT_COMPILATION_MODE = wholemodule;
				SWIFT_OPTIMIZATION_LEVEL = "-O";
				VALIDATE_PRODUCT = YES;
			};
			name = Release;
		};
		CD0AF5FA28C21D4C00C598C8 /* Debug */ = {
			isa = XCBuildConfiguration;
			buildSettings = {
				ASSETCATALOG_COMPILER_APPICON_NAME = AppIcon;
				ASSETCATALOG_COMPILER_GLOBAL_ACCENT_COLOR_NAME = AccentColor;
				CODE_SIGN_STYLE = Automatic;
				CURRENT_PROJECT_VERSION = 1;
				GENERATE_INFOPLIST_FILE = YES;
				INFOPLIST_FILE = SampleProjectModularity/Info.plist;
				INFOPLIST_KEY_UIApplicationSupportsIndirectInputEvents = YES;
				INFOPLIST_KEY_UILaunchStoryboardName = LaunchScreen;
				INFOPLIST_KEY_UIMainStoryboardFile = "";
				INFOPLIST_KEY_UISupportedInterfaceOrientations_iPad = "UIInterfaceOrientationPortrait UIInterfaceOrientationPortraitUpsideDown UIInterfaceOrientationLandscapeLeft UIInterfaceOrientationLandscapeRight";
				INFOPLIST_KEY_UISupportedInterfaceOrientations_iPhone = "UIInterfaceOrientationPortrait UIInterfaceOrientationLandscapeLeft UIInterfaceOrientationLandscapeRight";
				LD_RUNPATH_SEARCH_PATHS = (
					"$(inherited)",
					"@executable_path/Frameworks",
				);
				MARKETING_VERSION = 1.0;
				PRODUCT_BUNDLE_IDENTIFIER = com.test.SampleProjectModularity;
				PRODUCT_NAME = "$(TARGET_NAME)";
				SWIFT_EMIT_LOC_STRINGS = YES;
				SWIFT_VERSION = 5.0;
				TARGETED_DEVICE_FAMILY = "1,2";
			};
			name = Debug;
		};
		CD0AF5FB28C21D4C00C598C8 /* Release */ = {
			isa = XCBuildConfiguration;
			buildSettings = {
				ASSETCATALOG_COMPILER_APPICON_NAME = AppIcon;
				ASSETCATALOG_COMPILER_GLOBAL_ACCENT_COLOR_NAME = AccentColor;
				CODE_SIGN_STYLE = Automatic;
				CURRENT_PROJECT_VERSION = 1;
				GENERATE_INFOPLIST_FILE = YES;
				INFOPLIST_FILE = SampleProjectModularity/Info.plist;
				INFOPLIST_KEY_UIApplicationSupportsIndirectInputEvents = YES;
				INFOPLIST_KEY_UILaunchStoryboardName = LaunchScreen;
				INFOPLIST_KEY_UIMainStoryboardFile = "";
				INFOPLIST_KEY_UISupportedInterfaceOrientations_iPad = "UIInterfaceOrientationPortrait UIInterfaceOrientationPortraitUpsideDown UIInterfaceOrientationLandscapeLeft UIInterfaceOrientationLandscapeRight";
				INFOPLIST_KEY_UISupportedInterfaceOrientations_iPhone = "UIInterfaceOrientationPortrait UIInterfaceOrientationLandscapeLeft UIInterfaceOrientationLandscapeRight";
				LD_RUNPATH_SEARCH_PATHS = (
					"$(inherited)",
					"@executable_path/Frameworks",
				);
				MARKETING_VERSION = 1.0;
				PRODUCT_BUNDLE_IDENTIFIER = com.test.SampleProjectModularity;
				PRODUCT_NAME = "$(TARGET_NAME)";
				SWIFT_EMIT_LOC_STRINGS = YES;
				SWIFT_VERSION = 5.0;
				TARGETED_DEVICE_FAMILY = "1,2";
			};
			name = Release;
		};
		CD0AF5FD28C21D4C00C598C8 /* Debug */ = {
			isa = XCBuildConfiguration;
			buildSettings = {
				ALWAYS_EMBED_SWIFT_STANDARD_LIBRARIES = YES;
				BUNDLE_LOADER = "$(TEST_HOST)";
				CODE_SIGN_STYLE = Automatic;
				CURRENT_PROJECT_VERSION = 1;
				GENERATE_INFOPLIST_FILE = YES;
				IPHONEOS_DEPLOYMENT_TARGET = 15.5;
				MARKETING_VERSION = 1.0;
				PRODUCT_BUNDLE_IDENTIFIER = com.test.SampleProjectModularityTests;
				PRODUCT_NAME = "$(TARGET_NAME)";
				SWIFT_EMIT_LOC_STRINGS = NO;
				SWIFT_VERSION = 5.0;
				TARGETED_DEVICE_FAMILY = "1,2";
				TEST_HOST = "$(BUILT_PRODUCTS_DIR)/SampleProjectModularity.app/SampleProjectModularity";
			};
			name = Debug;
		};
		CD0AF5FE28C21D4C00C598C8 /* Release */ = {
			isa = XCBuildConfiguration;
			buildSettings = {
				ALWAYS_EMBED_SWIFT_STANDARD_LIBRARIES = YES;
				BUNDLE_LOADER = "$(TEST_HOST)";
				CODE_SIGN_STYLE = Automatic;
				CURRENT_PROJECT_VERSION = 1;
				GENERATE_INFOPLIST_FILE = YES;
				IPHONEOS_DEPLOYMENT_TARGET = 15.5;
				MARKETING_VERSION = 1.0;
				PRODUCT_BUNDLE_IDENTIFIER = com.test.SampleProjectModularityTests;
				PRODUCT_NAME = "$(TARGET_NAME)";
				SWIFT_EMIT_LOC_STRINGS = NO;
				SWIFT_VERSION = 5.0;
				TARGETED_DEVICE_FAMILY = "1,2";
				TEST_HOST = "$(BUILT_PRODUCTS_DIR)/SampleProjectModularity.app/SampleProjectModularity";
			};
			name = Release;
		};
		CD0AF60028C21D4C00C598C8 /* Debug */ = {
			isa = XCBuildConfiguration;
			buildSettings = {
				ALWAYS_EMBED_SWIFT_STANDARD_LIBRARIES = YES;
				CODE_SIGN_STYLE = Automatic;
				CURRENT_PROJECT_VERSION = 1;
				GENERATE_INFOPLIST_FILE = YES;
				MARKETING_VERSION = 1.0;
				PRODUCT_BUNDLE_IDENTIFIER = com.test.SampleProjectModularityUITests;
				PRODUCT_NAME = "$(TARGET_NAME)";
				SWIFT_EMIT_LOC_STRINGS = NO;
				SWIFT_VERSION = 5.0;
				TARGETED_DEVICE_FAMILY = "1,2";
				TEST_TARGET_NAME = SampleProjectModularity;
			};
			name = Debug;
		};
		CD0AF60128C21D4C00C598C8 /* Release */ = {
			isa = XCBuildConfiguration;
			buildSettings = {
				ALWAYS_EMBED_SWIFT_STANDARD_LIBRARIES = YES;
				CODE_SIGN_STYLE = Automatic;
				CURRENT_PROJECT_VERSION = 1;
				GENERATE_INFOPLIST_FILE = YES;
				MARKETING_VERSION = 1.0;
				PRODUCT_BUNDLE_IDENTIFIER = com.test.SampleProjectModularityUITests;
				PRODUCT_NAME = "$(TARGET_NAME)";
				SWIFT_EMIT_LOC_STRINGS = NO;
				SWIFT_VERSION = 5.0;
				TARGETED_DEVICE_FAMILY = "1,2";
				TEST_TARGET_NAME = SampleProjectModularity;
			};
			name = Release;
		};
/* End XCBuildConfiguration section */

/* Begin XCConfigurationList section */
		CD0AF5CA28C21D4A00C598C8 /* Build configuration list for PBXProject "SampleProjectModularity" */ = {
			isa = XCConfigurationList;
			buildConfigurations = (
				CD0AF5F728C21D4C00C598C8 /* Debug */,
				CD0AF5F828C21D4C00C598C8 /* Release */,
			);
			defaultConfigurationIsVisible = 0;
			defaultConfigurationName = Release;
		};
		CD0AF5F928C21D4C00C598C8 /* Build configuration list for PBXNativeTarget "SampleProjectModularity" */ = {
			isa = XCConfigurationList;
			buildConfigurations = (
				CD0AF5FA28C21D4C00C598C8 /* Debug */,
				CD0AF5FB28C21D4C00C598C8 /* Release */,
			);
			defaultConfigurationIsVisible = 0;
			defaultConfigurationName = Release;
		};
		CD0AF5FC28C21D4C00C598C8 /* Build configuration list for PBXNativeTarget "SampleProjectModularityTests" */ = {
			isa = XCConfigurationList;
			buildConfigurations = (
				CD0AF5FD28C21D4C00C598C8 /* Debug */,
				CD0AF5FE28C21D4C00C598C8 /* Release */,
			);
			defaultConfigurationIsVisible = 0;
			defaultConfigurationName = Release;
		};
		CD0AF5FF28C21D4C00C598C8 /* Build configuration list for PBXNativeTarget "SampleProjectModularityUITests" */ = {
			isa = XCConfigurationList;
			buildConfigurations = (
				CD0AF60028C21D4C00C598C8 /* Debug */,
				CD0AF60128C21D4C00C598C8 /* Release */,
			);
			defaultConfigurationIsVisible = 0;
			defaultConfigurationName = Release;
		};
/* End XCConfigurationList section */

/* Begin XCRemoteSwiftPackageReference section */
		CDCF0F5E29AB774300876706 /* XCRemoteSwiftPackageReference "swift-composable-architecture" */ = {
			isa = XCRemoteSwiftPackageReference;
			repositoryURL = "https://github.com/pointfreeco/swift-composable-architecture";
			requirement = {
				kind = upToNextMajorVersion;
				minimumVersion = 0.9.0;
			};
		};
		CDCF0F5F29AB7A0000876706 /* XCRemoteSwiftPackageReference "Kingfisher" */ = {
			isa = XCRemoteSwiftPackageReference;
			repositoryURL = "https://github.com/onevcat/Kingfisher";
			requirement = {
				branch = master;
				kind = branch;
			};
		};
/* End XCRemoteSwiftPackageReference section */

/* Begin XCSwiftPackageProductDependency section */
		CDCF0F6029AB7A0000876706 /* Kingfisher */ = {
			isa = XCSwiftPackageProductDependency;
			package = CDCF0F5F29AB7A0000876706 /* XCRemoteSwiftPackageReference "Kingfisher" */;
			productName = Kingfisher;
		};
		CDCF0F6329ABA5B900876706 /* ComposableArchitecture */ = {
			isa = XCSwiftPackageProductDependency;
			package = CDCF0F5E29AB774300876706 /* XCRemoteSwiftPackageReference "swift-composable-architecture" */;
			productName = ComposableArchitecture;
		};
/* End XCSwiftPackageProductDependency section */
	};
	rootObject = CD0AF5C728C21D4A00C598C8 /* Project object */;
}
